{
  "pins" : [
    {
      "identity" : "swift-snapshot-testing",
      "kind" : "remoteSourceControl",
      "location" : "https://github.com/pointfreeco/swift-snapshot-testing.git",
      "state" : {
        "revision" : "f8a9c997c3c1dab4e216a8ec9014e23144cbab37",
        "version" : "1.9.0"
      }
    },
    {
      "identity" : "swiftui-cardstackview",
      "kind" : "remoteSourceControl",
      "location" : "https://github.com/nomadplanet/SwiftUI-CardStackView.git",
      "state" : {
        "branch" : "rework",
        "revision" : "2e5ae30f09e13354db2c7f34aef5b97e889c944f"
      }
    }
  ],
  "version" : 2
}
